
Microsoft Visual Studio Solution File, Format Version 12.00
# Visual Studio Version 17
VisualStudioVersion = 17.1.32228.430
MinimumVisualStudioVersion = 10.0.40219.1
Project("{FAE04EC0-301F-11D3-BF4B-00C04F79EFBC}") = "Dot Net", "Dot Net\Dot Net.csproj", "{7CCDA597-48CB-466E-A1FA-1B32CC57FA95}"
EndProject
Global
	GlobalSection(SolutionConfigurationPlatforms) = preSolution
		Debug|Any CPU = Debug|Any CPU
		Release|Any CPU = Release|Any CPU
	EndGlobalSection
	GlobalSection(ProjectConfigurationPlatforms) = postSolution
		{7CCDA597-48CB-466E-A1FA-1B32CC57FA95}.Debug|Any CPU.ActiveCfg = Debug|Any CPU
		{7CCDA597-48CB-466E-A1FA-1B32CC57FA95}.Debug|Any CPU.Build.0 = Debug|Any CPU
		{7CCDA597-48CB-466E-A1FA-1B32CC57FA95}.Release|Any CPU.ActiveCfg = Release|Any CPU
		{7CCDA597-48CB-466E-A1FA-1B32CC57FA95}.Release|Any CPU.Build.0 = Release|Any CPU
	EndGlobalSection
	GlobalSection(SolutionProperties) = preSolution
		HideSolutionNode = FALSE
	EndGlobalSection
	GlobalSection(ExtensibilityGlobals) = postSolution
		SolutionGuid = {8134F7E9-4A9C-4C98-8248-D74DF4BFE0D5}
	EndGlobalSection
EndGlobal
